
Microsoft Visual Studio Solution File, Format Version 12.00
# Visual Studio 14
VisualStudioVersion = 14.0.23107.0
MinimumVisualStudioVersion = 10.0.40219.1
Project("{FAE04EC0-301F-11D3-BF4B-00C04F79EFBC}") = "Project1", "Project1\Project1.csproj", "{2F2E9591-00DD-4532-B312-6EE95572FAE3}"
EndProject
Project("{FAE04EC0-301F-11D3-BF4B-00C04F79EFBC}") = "Project2", "Project2\Project2.csproj", "{BF3683A1-DA2E-4AE9-B806-5E775B49675D}"
EndProject
Global
	GlobalSection(SolutionConfigurationPlatforms) = preSolution
		Debug|Any CPU = Debug|Any CPU
		Release|Any CPU = Release|Any CPU
	EndGlobalSection
	GlobalSection(ProjectConfigurationPlatforms) = postSolution
		{2F2E9591-00DD-4532-B312-6EE95572FAE3}.Debug|Any CPU.ActiveCfg = Debug|Any CPU
		{2F2E9591-00DD-4532-B312-6EE95572FAE3}.Debug|Any CPU.Build.0 = Debug|Any CPU
		{2F2E9591-00DD-4532-B312-6EE95572FAE3}.Release|Any CPU.ActiveCfg = Release|Any CPU
		{2F2E9591-00DD-4532-B312-6EE95572FAE3}.Release|Any CPU.Build.0 = Release|Any CPU
		{BF3683A1-DA2E-4AE9-B806-5E775B49675D}.Debug|Any CPU.ActiveCfg = Debug|Any CPU
		{BF3683A1-DA2E-4AE9-B806-5E775B49675D}.Debug|Any CPU.Build.0 = Debug|Any CPU
		{BF3683A1-DA2E-4AE9-B806-5E775B49675D}.Release|Any CPU.ActiveCfg = Release|Any CPU
		{BF3683A1-DA2E-4AE9-B806-5E775B49675D}.Release|Any CPU.Build.0 = Release|Any CPU
	EndGlobalSection
	GlobalSection(SolutionProperties) = preSolution
		HideSolutionNode = FALSE
	EndGlobalSection
EndGlobal
